
Microsoft Visual Studio Solution File, Format Version 12.00
# Visual Studio 15
VisualStudioVersion = 15.0.27130.2036
MinimumVisualStudioVersion = 10.0.40219.1
Project("{FAE04EC0-301F-11D3-BF4B-00C04F79EFBC}") = "ConsoleTest", "ConsoleTest\ConsoleTest.csproj", "{EF4AC430-B897-46F1-9F6C-8EA481847268}"
EndProject
Project("{FAE04EC0-301F-11D3-BF4B-00C04F79EFBC}") = "CrosswordLogic", "CrosswordLogic\CrosswordLogic.csproj", "{5F02F0FA-5A21-43DA-958D-2869B2ED9C14}"
EndProject
Global
	GlobalSection(SolutionConfigurationPlatforms) = preSolution
		Debug|Any CPU = Debug|Any CPU
		Release|Any CPU = Release|Any CPU
	EndGlobalSection
	GlobalSection(ProjectConfigurationPlatforms) = postSolution
		{EF4AC430-B897-46F1-9F6C-8EA481847268}.Debug|Any CPU.ActiveCfg = Debug|Any CPU
		{EF4AC430-B897-46F1-9F6C-8EA481847268}.Debug|Any CPU.Build.0 = Debug|Any CPU
		{EF4AC430-B897-46F1-9F6C-8EA481847268}.Release|Any CPU.ActiveCfg = Release|Any CPU
		{EF4AC430-B897-46F1-9F6C-8EA481847268}.Release|Any CPU.Build.0 = Release|Any CPU
		{5F02F0FA-5A21-43DA-958D-2869B2ED9C14}.Debug|Any CPU.ActiveCfg = Debug|Any CPU
		{5F02F0FA-5A21-43DA-958D-2869B2ED9C14}.Debug|Any CPU.Build.0 = Debug|Any CPU
		{5F02F0FA-5A21-43DA-958D-2869B2ED9C14}.Release|Any CPU.ActiveCfg = Release|Any CPU
		{5F02F0FA-5A21-43DA-958D-2869B2ED9C14}.Release|Any CPU.Build.0 = Release|Any CPU
	EndGlobalSection
	GlobalSection(SolutionProperties) = preSolution
		HideSolutionNode = FALSE
	EndGlobalSection
	GlobalSection(ExtensibilityGlobals) = postSolution
		SolutionGuid = {9B8BD185-01EE-4453-8A51-9D34EAC1C8CA}
	EndGlobalSection
EndGlobal
